PODS:
  - Alamofire (4.2.0)
  - AlamofireObjectMapper (4.0.1):
    - Alamofire (~> 4.1)
    - ObjectMapper (~> 2.0)
  - GoogleMaps (1.13.2)
  - ObjectMapper (2.2.2)
  - SwiftLoader (0.2.5)

DEPENDENCIES:
  - Alamofire (~> 4.0)
  - AlamofireObjectMapper (~> 4.0)
  - GoogleMaps
  - SwiftLoader

SPEC CHECKSUMS:
  Alamofire: aa2e09d871c9160ac53c90e83c68064a94e3dfbe
  AlamofireObjectMapper: 842d2eed43a4d0593ff0110d54ac86a170c4519c
  GoogleMaps: b20a103ff307f58392e603cf142e59d7e30374c1
  ObjectMapper: 9e385c2295bcc4e16eabbcfc85db801442bba545
  SwiftLoader: 12d7a6f661f5e9a2c9a72003e7dd6162f4ff0cc4

PODFILE CHECKSUM: 64dfb2241bb1366cd02cf2f3d0afa28f0e50d7f2

COCOAPODS: 1.0.1
